
Microsoft Visual Studio Solution File, Format Version 12.00
# Visual Studio Version 16
VisualStudioVersion = 16.0.29123.88
MinimumVisualStudioVersion = 10.0.40219.1
Project("{FAE04EC0-301F-11D3-BF4B-00C04F79EFBC}") = "SimpleSongOutput", "SimpleSongOutput\SimpleSongOutput.csproj", "{59C4C2EB-55E5-459A-B8A9-33692BB65AED}"
EndProject
Global
	GlobalSection(SolutionConfigurationPlatforms) = preSolution
		Debug|Any CPU = Debug|Any CPU
		Release|Any CPU = Release|Any CPU
	EndGlobalSection
	GlobalSection(ProjectConfigurationPlatforms) = postSolution
		{59C4C2EB-55E5-459A-B8A9-33692BB65AED}.Debug|Any CPU.ActiveCfg = Debug|Any CPU
		{59C4C2EB-55E5-459A-B8A9-33692BB65AED}.Debug|Any CPU.Build.0 = Debug|Any CPU
		{59C4C2EB-55E5-459A-B8A9-33692BB65AED}.Release|Any CPU.ActiveCfg = Release|Any CPU
		{59C4C2EB-55E5-459A-B8A9-33692BB65AED}.Release|Any CPU.Build.0 = Release|Any CPU
	EndGlobalSection
	GlobalSection(SolutionProperties) = preSolution
		HideSolutionNode = FALSE
	EndGlobalSection
	GlobalSection(ExtensibilityGlobals) = postSolution
		SolutionGuid = {B079B2C4-C0D6-4AB8-8947-6F3E78F0C800}
	EndGlobalSection
EndGlobal
